
Microsoft Visual Studio Solution File, Format Version 12.00
# Visual Studio 15
VisualStudioVersion = 15.0.26730.12
MinimumVisualStudioVersion = 10.0.40219.1
Project("{2150E333-8FDC-42A3-9474-1A3956D46DE8}") = "src", "src", "{B27F5E15-0083-4730-A3AA-58A42FF4A859}"
EndProject
Project("{2150E333-8FDC-42A3-9474-1A3956D46DE8}") = "test", "test", "{974448B8-50D7-45D5-837B-B54E42E309B2}"
EndProject
Project("{9A19103F-16F7-4668-BE54-9A1E7A4F7556}") = "CloudService", "src\CloudService\CloudService.csproj", "{0807BEC1-EB50-4038-BFC1-971255084F72}"
EndProject
Project("{9A19103F-16F7-4668-BE54-9A1E7A4F7556}") = "CloudService.Test", "test\CloudService.Test\CloudService.Test.csproj", "{6DBF1691-F1CE-415A-A2C7-5FA7D2E5B9CA}"
EndProject
Global
	GlobalSection(SolutionConfigurationPlatforms) = preSolution
		Debug|Any CPU = Debug|Any CPU
		Release|Any CPU = Release|Any CPU
	EndGlobalSection
	GlobalSection(ProjectConfigurationPlatforms) = postSolution
		{0807BEC1-EB50-4038-BFC1-971255084F72}.Debug|Any CPU.ActiveCfg = Debug|Any CPU
		{0807BEC1-EB50-4038-BFC1-971255084F72}.Debug|Any CPU.Build.0 = Debug|Any CPU
		{0807BEC1-EB50-4038-BFC1-971255084F72}.Release|Any CPU.ActiveCfg = Release|Any CPU
		{0807BEC1-EB50-4038-BFC1-971255084F72}.Release|Any CPU.Build.0 = Release|Any CPU
		{6DBF1691-F1CE-415A-A2C7-5FA7D2E5B9CA}.Debug|Any CPU.ActiveCfg = Debug|Any CPU
		{6DBF1691-F1CE-415A-A2C7-5FA7D2E5B9CA}.Debug|Any CPU.Build.0 = Debug|Any CPU
		{6DBF1691-F1CE-415A-A2C7-5FA7D2E5B9CA}.Release|Any CPU.ActiveCfg = Release|Any CPU
		{6DBF1691-F1CE-415A-A2C7-5FA7D2E5B9CA}.Release|Any CPU.Build.0 = Release|Any CPU
	EndGlobalSection
	GlobalSection(SolutionProperties) = preSolution
		HideSolutionNode = FALSE
	EndGlobalSection
	GlobalSection(NestedProjects) = preSolution
		{0807BEC1-EB50-4038-BFC1-971255084F72} = {B27F5E15-0083-4730-A3AA-58A42FF4A859}
		{6DBF1691-F1CE-415A-A2C7-5FA7D2E5B9CA} = {974448B8-50D7-45D5-837B-B54E42E309B2}
	EndGlobalSection
	GlobalSection(ExtensibilityGlobals) = postSolution
		SolutionGuid = {7E98A59C-E4D2-49EC-A480-67A3177285EF}
	EndGlobalSection
EndGlobal
